
Microsoft Visual Studio Solution File, Format Version 12.00
# Visual Studio Version 16
VisualStudioVersion = 16.0.30611.23
MinimumVisualStudioVersion = 10.0.40219.1
Project("{9A19103F-16F7-4668-BE54-9A1E7A4F7556}") = "Showtime.Lib", "Showtime.Lib\Showtime.Lib.csproj", "{BA36BB15-7B40-4BF2-B00B-CB9916003747}"
EndProject
Project("{9A19103F-16F7-4668-BE54-9A1E7A4F7556}") = "Showtime.Auth", "Showtime.Auth\Showtime.Auth.csproj", "{93D582BD-1DFF-4C00-AD79-120A71358ECB}"
EndProject
Project("{9A19103F-16F7-4668-BE54-9A1E7A4F7556}") = "Showtime.Web", "Showtime.Web\Showtime.Web.csproj", "{9DDEAFE7-F30A-4726-B214-218BD1E5D1D9}"
EndProject
Project("{FAE04EC0-301F-11D3-BF4B-00C04F79EFBC}") = "Showtime.Mob", "Showtime.Mob\Showtime.Mob.csproj", "{D3AE5BC4-DD75-491C-AB50-E281CBB79401}"
EndProject
Global
	GlobalSection(SolutionConfigurationPlatforms) = preSolution
		Debug|Any CPU = Debug|Any CPU
		Release|Any CPU = Release|Any CPU
	EndGlobalSection
	GlobalSection(ProjectConfigurationPlatforms) = postSolution
		{BA36BB15-7B40-4BF2-B00B-CB9916003747}.Debug|Any CPU.ActiveCfg = Debug|Any CPU
		{BA36BB15-7B40-4BF2-B00B-CB9916003747}.Debug|Any CPU.Build.0 = Debug|Any CPU
		{BA36BB15-7B40-4BF2-B00B-CB9916003747}.Release|Any CPU.ActiveCfg = Release|Any CPU
		{BA36BB15-7B40-4BF2-B00B-CB9916003747}.Release|Any CPU.Build.0 = Release|Any CPU
		{93D582BD-1DFF-4C00-AD79-120A71358ECB}.Debug|Any CPU.ActiveCfg = Debug|Any CPU
		{93D582BD-1DFF-4C00-AD79-120A71358ECB}.Debug|Any CPU.Build.0 = Debug|Any CPU
		{93D582BD-1DFF-4C00-AD79-120A71358ECB}.Release|Any CPU.ActiveCfg = Release|Any CPU
		{93D582BD-1DFF-4C00-AD79-120A71358ECB}.Release|Any CPU.Build.0 = Release|Any CPU
		{9DDEAFE7-F30A-4726-B214-218BD1E5D1D9}.Debug|Any CPU.ActiveCfg = Debug|Any CPU
		{9DDEAFE7-F30A-4726-B214-218BD1E5D1D9}.Debug|Any CPU.Build.0 = Debug|Any CPU
		{9DDEAFE7-F30A-4726-B214-218BD1E5D1D9}.Release|Any CPU.ActiveCfg = Release|Any CPU
		{9DDEAFE7-F30A-4726-B214-218BD1E5D1D9}.Release|Any CPU.Build.0 = Release|Any CPU
		{D3AE5BC4-DD75-491C-AB50-E281CBB79401}.Debug|Any CPU.ActiveCfg = Debug|Any CPU
		{D3AE5BC4-DD75-491C-AB50-E281CBB79401}.Debug|Any CPU.Build.0 = Debug|Any CPU
		{D3AE5BC4-DD75-491C-AB50-E281CBB79401}.Debug|Any CPU.Deploy.0 = Debug|Any CPU
		{D3AE5BC4-DD75-491C-AB50-E281CBB79401}.Release|Any CPU.ActiveCfg = Release|Any CPU
		{D3AE5BC4-DD75-491C-AB50-E281CBB79401}.Release|Any CPU.Build.0 = Release|Any CPU
		{D3AE5BC4-DD75-491C-AB50-E281CBB79401}.Release|Any CPU.Deploy.0 = Release|Any CPU
	EndGlobalSection
	GlobalSection(SolutionProperties) = preSolution
		HideSolutionNode = FALSE
	EndGlobalSection
	GlobalSection(ExtensibilityGlobals) = postSolution
		SolutionGuid = {353BF0AB-E7BD-4582-8A55-E8243350F4E8}
	EndGlobalSection
EndGlobal
